
Microsoft Visual Studio Solution File, Format Version 12.00
# Visual Studio 14
VisualStudioVersion = 14.0.25420.1
MinimumVisualStudioVersion = 10.0.40219.1
Project("{FAE04EC0-301F-11D3-BF4B-00C04F79EFBC}") = "MineSweeper", "MineSweeper - OOP 3. Lab\MineSweeper.csproj", "{6408BDA2-6452-4405-AE79-5A7963C03C11}"
EndProject
Project("{FAE04EC0-301F-11D3-BF4B-00C04F79EFBC}") = "MSObjects", "MSObjects\MSObjects.csproj", "{ACF6729C-B241-49ED-8950-52DD67193D5A}"
EndProject
Global
	GlobalSection(SolutionConfigurationPlatforms) = preSolution
		Debug|Any CPU = Debug|Any CPU
		Release|Any CPU = Release|Any CPU
	EndGlobalSection
	GlobalSection(ProjectConfigurationPlatforms) = postSolution
		{6408BDA2-6452-4405-AE79-5A7963C03C11}.Debug|Any CPU.ActiveCfg = Debug|Any CPU
		{6408BDA2-6452-4405-AE79-5A7963C03C11}.Debug|Any CPU.Build.0 = Debug|Any CPU
		{6408BDA2-6452-4405-AE79-5A7963C03C11}.Release|Any CPU.ActiveCfg = Release|Any CPU
		{6408BDA2-6452-4405-AE79-5A7963C03C11}.Release|Any CPU.Build.0 = Release|Any CPU
		{ACF6729C-B241-49ED-8950-52DD67193D5A}.Debug|Any CPU.ActiveCfg = Debug|Any CPU
		{ACF6729C-B241-49ED-8950-52DD67193D5A}.Debug|Any CPU.Build.0 = Debug|Any CPU
		{ACF6729C-B241-49ED-8950-52DD67193D5A}.Release|Any CPU.ActiveCfg = Release|Any CPU
		{ACF6729C-B241-49ED-8950-52DD67193D5A}.Release|Any CPU.Build.0 = Release|Any CPU
	EndGlobalSection
	GlobalSection(SolutionProperties) = preSolution
		HideSolutionNode = FALSE
	EndGlobalSection
EndGlobal
